
Microsoft Visual Studio Solution File, Format Version 12.00
# Visual Studio Version 17
VisualStudioVersion = 17.6.33723.286
MinimumVisualStudioVersion = 10.0.40219.1
Project("{FAE04EC0-301F-11D3-BF4B-00C04F79EFBC}") = "CustomsDutyDateTimeISO", "CustomsDutyDateTimeISO.csproj", "{E7A010D8-3B6C-4151-A3EB-94962E79A11F}"
EndProject
Global
	GlobalSection(SolutionConfigurationPlatforms) = preSolution
		Debug|Any CPU = Debug|Any CPU
		Release|Any CPU = Release|Any CPU
	EndGlobalSection
	GlobalSection(ProjectConfigurationPlatforms) = postSolution
		{E7A010D8-3B6C-4151-A3EB-94962E79A11F}.Debug|Any CPU.ActiveCfg = Debug|Any CPU
		{E7A010D8-3B6C-4151-A3EB-94962E79A11F}.Debug|Any CPU.Build.0 = Debug|Any CPU
		{E7A010D8-3B6C-4151-A3EB-94962E79A11F}.Release|Any CPU.ActiveCfg = Release|Any CPU
		{E7A010D8-3B6C-4151-A3EB-94962E79A11F}.Release|Any CPU.Build.0 = Release|Any CPU
	EndGlobalSection
	GlobalSection(SolutionProperties) = preSolution
		HideSolutionNode = FALSE
	EndGlobalSection
	GlobalSection(ExtensibilityGlobals) = postSolution
		SolutionGuid = {D74BEED3-C286-4191-9134-C343AE94E32F}
	EndGlobalSection
EndGlobal
